PackratFormat: 1.4
PackratVersion: 0.8.1
RVersion: 4.2.1
Repos: CRAN=https://cran.rstudio.com/

Package: R6
Source: CRAN
Version: 2.5.1
Hash: 54378e523d0281f8d38c379484a3b7b5

Package: askpass
Source: CRAN
Version: 1.1
Hash: 6f6c430e3cd0dd7d48f447700f4d7e7f
Requires: sys

Package: cli
Source: CRAN
Version: 3.3.0
Hash: ea370f88dddadbefeecd6cc4adbc6495
Requires: glue

Package: clipr
Source: CRAN
Version: 0.8.0
Hash: f8ae5e8ad6b3e416249379deec7e9c6f

Package: crayon
Source: CRAN
Version: 1.5.1
Hash: e4ec1fd3175c5d12561f59885cfe5acb

Package: credentials
Source: CRAN
Version: 1.3.2
Hash: 5b1cfc28dd5c7631e1cdffa09f79b237
Requires: askpass, sys, curl, jsonlite, openssl

Package: curl
Source: CRAN
Version: 4.3.2
Hash: d86657acb12374a8e24ed4568ed63359

Package: desc
Source: CRAN
Version: 1.4.1
Hash: 6ebcf66d42e2bd14b17eecd30b80881e
Requires: cli, R6, rprojroot

Package: fs
Source: CRAN
Version: 1.5.2
Hash: ee8c2601709c5937c283cdcb2625fdd9

Package: gert
Source: CRAN
Version: 1.7.1
Hash: ae5c1c2d7c3ef41169d18e7522d9b0da
Requires: askpass, credentials, openssl, sys, rstudioapi, zip

Package: gh
Source: CRAN
Version: 1.3.0
Hash: b2943afd4ad40fe9c08579bb031dfbf2
Requires: cli, jsonlite, gitcreds, httr, ini

Package: gitcreds
Source: CRAN
Version: 0.1.1
Hash: 98010d78f363a29de674a252087aa340

Package: glue
Source: CRAN
Version: 1.6.2
Hash: 830d10f9f46e05aadfe458d2d31849e7

Package: httr
Source: CRAN
Version: 1.4.4
Hash: b41c36b1ccc80b558893b518c86aa8e2
Requires: R6, curl, jsonlite, openssl, mime

Package: ini
Source: CRAN
Version: 0.3.1
Hash: 9d6de5178c1cedabfb24e7d2acc9a092

Package: jsonlite
Source: CRAN
Version: 1.8.0
Hash: 96d93923e6415b426b7ed4390aa02b8e

Package: lifecycle
Source: CRAN
Version: 1.0.1
Hash: 30efedcf3d4478fe2e755b3b256f809a
Requires: glue, rlang

Package: magrittr
Source: CRAN
Version: 2.0.3
Hash: b323532bfd2fe948d0eb19afa866cb12

Package: mime
Source: CRAN
Version: 0.12
Hash: 98a37137be334916af8af26354bb37e9

Package: openssl
Source: CRAN
Version: 2.0.2
Hash: 28e896922fbb14bfa5156293c20d48a7
Requires: askpass

Package: packrat
Source: CRAN
Version: 0.8.1
Hash: 502257b0c1ef1db0274ea5ecdec3c9ab

Package: purrr
Source: CRAN
Version: 0.3.4
Hash: fb4c0edca61826ca0b5b33c828a7b276
Requires: magrittr, rlang

Package: rappdirs
Source: CRAN
Version: 0.3.3
Hash: fd602edfd7dbf365642e35dd9cc97958

Package: rlang
Source: CRAN
Version: 1.0.4
Hash: de1f23a4308971a7845388d5e1243d38

Package: rprojroot
Source: CRAN
Version: 2.0.3
Hash: 8acc72d6d4f64fe01e2af6f7ee383e6e

Package: rstudioapi
Source: CRAN
Version: 0.14
Hash: a4049937fbdde61e65fd0eccdbd182d7

Package: sys
Source: CRAN
Version: 3.4
Hash: 7fb0c9e1209a804b329a7df3cd422008

Package: usethis
Source: CRAN
Version: 2.1.6
Hash: 6bf3f6ffb3f5b83fe634f15d750ef4d0
Requires: cli, clipr, crayon, curl, desc, fs, gert, gh, glue, jsonlite,
    lifecycle, purrr, rappdirs, rlang, rprojroot, rstudioapi, whisker,
    withr, yaml

Package: whisker
Source: CRAN
Version: 0.4
Hash: 5b1ec05cd96c1e0c6048bab49abee3aa

Package: withr
Source: CRAN
Version: 2.5.0
Hash: 29582655324ddde71118021f0b1b93aa

Package: yaml
Source: CRAN
Version: 2.3.5
Hash: 006ce2bd0f10a964ab59745f81434037

Package: zip
Source: CRAN
Version: 2.2.0
Hash: 7a2bdad5f5de31294483fb4ac4e1e0c0
